
Microsoft Visual Studio Solution File, Format Version 12.00
# Visual Studio Version 16
VisualStudioVersion = 16.0.29519.87
MinimumVisualStudioVersion = 10.0.40219.1
Project("{00D1A9C2-B5F0-4AF3-8072-F6C62B433612}") = "AdventureWorks2016", "AdwentDacpac\AdventureWorks2016.sqlproj", "{149B4003-DB91-4DFF-B354-23048CA77714}"
EndProject
Global
	GlobalSection(SolutionConfigurationPlatforms) = preSolution
		Debug|Any CPU = Debug|Any CPU
		Release|Any CPU = Release|Any CPU
	EndGlobalSection
	GlobalSection(ProjectConfigurationPlatforms) = postSolution
		{149B4003-DB91-4DFF-B354-23048CA77714}.Debug|Any CPU.ActiveCfg = Debug|Any CPU
		{149B4003-DB91-4DFF-B354-23048CA77714}.Debug|Any CPU.Build.0 = Debug|Any CPU
		{149B4003-DB91-4DFF-B354-23048CA77714}.Debug|Any CPU.Deploy.0 = Debug|Any CPU
		{149B4003-DB91-4DFF-B354-23048CA77714}.Release|Any CPU.ActiveCfg = Release|Any CPU
		{149B4003-DB91-4DFF-B354-23048CA77714}.Release|Any CPU.Build.0 = Release|Any CPU
		{149B4003-DB91-4DFF-B354-23048CA77714}.Release|Any CPU.Deploy.0 = Release|Any CPU
	EndGlobalSection
	GlobalSection(SolutionProperties) = preSolution
		HideSolutionNode = FALSE
	EndGlobalSection
	GlobalSection(ExtensibilityGlobals) = postSolution
		SolutionGuid = {50B07D6E-9E2E-4E48-844F-7EA3089E7195}
	EndGlobalSection
EndGlobal
